
Microsoft Visual Studio Solution File, Format Version 11.00
# Visual Studio 2010
Project("{F184B08F-C81C-45F6-A57F-5ABD9991F28F}") = "SyB_8", "SyB_8\SyB_8.vbproj", "{3188952A-9026-430A-AB72-E0AD676468ED}"
EndProject
Global
	GlobalSection(SolutionConfigurationPlatforms) = preSolution
		Debug|x86 = Debug|x86
		Release|x86 = Release|x86
	EndGlobalSection
	GlobalSection(ProjectConfigurationPlatforms) = postSolution
		{3188952A-9026-430A-AB72-E0AD676468ED}.Debug|x86.ActiveCfg = Debug|x86
		{3188952A-9026-430A-AB72-E0AD676468ED}.Debug|x86.Build.0 = Debug|x86
		{3188952A-9026-430A-AB72-E0AD676468ED}.Release|x86.ActiveCfg = Release|x86
		{3188952A-9026-430A-AB72-E0AD676468ED}.Release|x86.Build.0 = Release|x86
	EndGlobalSection
	GlobalSection(SolutionProperties) = preSolution
		HideSolutionNode = FALSE
	EndGlobalSection
EndGlobal
